
Microsoft Visual Studio Solution File, Format Version 12.00
# Visual Studio 2013
VisualStudioVersion = 12.0.21005.1
MinimumVisualStudioVersion = 10.0.40219.1
Project("{FAE04EC0-301F-11D3-BF4B-00C04F79EFBC}") = "Splendor", "Splendor.csproj", "{D81917FF-171B-4333-B256-CD851AE7BA58}"
EndProject
Project("{FAE04EC0-301F-11D3-BF4B-00C04F79EFBC}") = "Splendor.Model", "..\Splendor.Model\Splendor.Model.csproj", "{D1E7D5A2-D88C-40C3-89B1-E69C8B67901E}"
EndProject
Project("{FAE04EC0-301F-11D3-BF4B-00C04F79EFBC}") = "Splendor.Model.Tests", "..\Splendor.Model.Tests\Splendor.Model.Tests.csproj", "{E04CFADF-12F3-4CAC-8BE2-8ACE3371276C}"
EndProject
Global
	GlobalSection(SolutionConfigurationPlatforms) = preSolution
		Debug|Any CPU = Debug|Any CPU
		Debug|ARM = Debug|ARM
		Debug|x64 = Debug|x64
		Debug|x86 = Debug|x86
		Release|Any CPU = Release|Any CPU
		Release|ARM = Release|ARM
		Release|x64 = Release|x64
		Release|x86 = Release|x86
	EndGlobalSection
	GlobalSection(ProjectConfigurationPlatforms) = postSolution
		{D81917FF-171B-4333-B256-CD851AE7BA58}.Debug|Any CPU.ActiveCfg = Debug|Any CPU
		{D81917FF-171B-4333-B256-CD851AE7BA58}.Debug|Any CPU.Build.0 = Debug|Any CPU
		{D81917FF-171B-4333-B256-CD851AE7BA58}.Debug|Any CPU.Deploy.0 = Debug|Any CPU
		{D81917FF-171B-4333-B256-CD851AE7BA58}.Debug|ARM.ActiveCfg = Debug|ARM
		{D81917FF-171B-4333-B256-CD851AE7BA58}.Debug|ARM.Build.0 = Debug|ARM
		{D81917FF-171B-4333-B256-CD851AE7BA58}.Debug|ARM.Deploy.0 = Debug|ARM
		{D81917FF-171B-4333-B256-CD851AE7BA58}.Debug|x64.ActiveCfg = Debug|x64
		{D81917FF-171B-4333-B256-CD851AE7BA58}.Debug|x64.Build.0 = Debug|x64
		{D81917FF-171B-4333-B256-CD851AE7BA58}.Debug|x64.Deploy.0 = Debug|x64
		{D81917FF-171B-4333-B256-CD851AE7BA58}.Debug|x86.ActiveCfg = Debug|x86
		{D81917FF-171B-4333-B256-CD851AE7BA58}.Debug|x86.Build.0 = Debug|x86
		{D81917FF-171B-4333-B256-CD851AE7BA58}.Debug|x86.Deploy.0 = Debug|x86
		{D81917FF-171B-4333-B256-CD851AE7BA58}.Release|Any CPU.ActiveCfg = Release|Any CPU
		{D81917FF-171B-4333-B256-CD851AE7BA58}.Release|Any CPU.Build.0 = Release|Any CPU
		{D81917FF-171B-4333-B256-CD851AE7BA58}.Release|Any CPU.Deploy.0 = Release|Any CPU
		{D81917FF-171B-4333-B256-CD851AE7BA58}.Release|ARM.ActiveCfg = Release|ARM
		{D81917FF-171B-4333-B256-CD851AE7BA58}.Release|ARM.Build.0 = Release|ARM
		{D81917FF-171B-4333-B256-CD851AE7BA58}.Release|ARM.Deploy.0 = Release|ARM
		{D81917FF-171B-4333-B256-CD851AE7BA58}.Release|x64.ActiveCfg = Release|x64
		{D81917FF-171B-4333-B256-CD851AE7BA58}.Release|x64.Build.0 = Release|x64
		{D81917FF-171B-4333-B256-CD851AE7BA58}.Release|x64.Deploy.0 = Release|x64
		{D81917FF-171B-4333-B256-CD851AE7BA58}.Release|x86.ActiveCfg = Release|x86
		{D81917FF-171B-4333-B256-CD851AE7BA58}.Release|x86.Build.0 = Release|x86
		{D81917FF-171B-4333-B256-CD851AE7BA58}.Release|x86.Deploy.0 = Release|x86
		{D1E7D5A2-D88C-40C3-89B1-E69C8B67901E}.Debug|Any CPU.ActiveCfg = Debug|Any CPU
		{D1E7D5A2-D88C-40C3-89B1-E69C8B67901E}.Debug|Any CPU.Build.0 = Debug|Any CPU
		{D1E7D5A2-D88C-40C3-89B1-E69C8B67901E}.Debug|ARM.ActiveCfg = Debug|Any CPU
		{D1E7D5A2-D88C-40C3-89B1-E69C8B67901E}.Debug|x64.ActiveCfg = Debug|Any CPU
		{D1E7D5A2-D88C-40C3-89B1-E69C8B67901E}.Debug|x86.ActiveCfg = Debug|Any CPU
		{D1E7D5A2-D88C-40C3-89B1-E69C8B67901E}.Release|Any CPU.ActiveCfg = Release|Any CPU
		{D1E7D5A2-D88C-40C3-89B1-E69C8B67901E}.Release|Any CPU.Build.0 = Release|Any CPU
		{D1E7D5A2-D88C-40C3-89B1-E69C8B67901E}.Release|ARM.ActiveCfg = Release|Any CPU
		{D1E7D5A2-D88C-40C3-89B1-E69C8B67901E}.Release|x64.ActiveCfg = Release|Any CPU
		{D1E7D5A2-D88C-40C3-89B1-E69C8B67901E}.Release|x86.ActiveCfg = Release|Any CPU
		{E04CFADF-12F3-4CAC-8BE2-8ACE3371276C}.Debug|Any CPU.ActiveCfg = Debug|Any CPU
		{E04CFADF-12F3-4CAC-8BE2-8ACE3371276C}.Debug|Any CPU.Build.0 = Debug|Any CPU
		{E04CFADF-12F3-4CAC-8BE2-8ACE3371276C}.Debug|ARM.ActiveCfg = Debug|Any CPU
		{E04CFADF-12F3-4CAC-8BE2-8ACE3371276C}.Debug|x64.ActiveCfg = Debug|Any CPU
		{E04CFADF-12F3-4CAC-8BE2-8ACE3371276C}.Debug|x86.ActiveCfg = Debug|Any CPU
		{E04CFADF-12F3-4CAC-8BE2-8ACE3371276C}.Release|Any CPU.ActiveCfg = Release|Any CPU
		{E04CFADF-12F3-4CAC-8BE2-8ACE3371276C}.Release|Any CPU.Build.0 = Release|Any CPU
		{E04CFADF-12F3-4CAC-8BE2-8ACE3371276C}.Release|ARM.ActiveCfg = Release|Any CPU
		{E04CFADF-12F3-4CAC-8BE2-8ACE3371276C}.Release|x64.ActiveCfg = Release|Any CPU
		{E04CFADF-12F3-4CAC-8BE2-8ACE3371276C}.Release|x86.ActiveCfg = Release|Any CPU
	EndGlobalSection
	GlobalSection(SolutionProperties) = preSolution
		HideSolutionNode = FALSE
	EndGlobalSection
EndGlobal
